
Microsoft Visual Studio Solution File, Format Version 12.00
# Visual Studio 15
VisualStudioVersion = 15.0.27004.2010
MinimumVisualStudioVersion = 10.0.40219.1
Project("{FAE04EC0-301F-11D3-BF4B-00C04F79EFBC}") = "File.Server", "File.Server\File.Server.csproj", "{102FE703-BD54-425E-A48A-5E02B57778D4}"
EndProject
Project("{FAE04EC0-301F-11D3-BF4B-00C04F79EFBC}") = "File.Client", "File.Client\File.Client.csproj", "{01DF5405-991E-45E0-9E03-EDCAF716133A}"
EndProject
Global
	GlobalSection(SolutionConfigurationPlatforms) = preSolution
		Debug|Any CPU = Debug|Any CPU
		Release|Any CPU = Release|Any CPU
	EndGlobalSection
	GlobalSection(ProjectConfigurationPlatforms) = postSolution
		{102FE703-BD54-425E-A48A-5E02B57778D4}.Debug|Any CPU.ActiveCfg = Debug|Any CPU
		{102FE703-BD54-425E-A48A-5E02B57778D4}.Debug|Any CPU.Build.0 = Debug|Any CPU
		{102FE703-BD54-425E-A48A-5E02B57778D4}.Release|Any CPU.ActiveCfg = Release|Any CPU
		{102FE703-BD54-425E-A48A-5E02B57778D4}.Release|Any CPU.Build.0 = Release|Any CPU
		{01DF5405-991E-45E0-9E03-EDCAF716133A}.Debug|Any CPU.ActiveCfg = Debug|Any CPU
		{01DF5405-991E-45E0-9E03-EDCAF716133A}.Debug|Any CPU.Build.0 = Debug|Any CPU
		{01DF5405-991E-45E0-9E03-EDCAF716133A}.Release|Any CPU.ActiveCfg = Release|Any CPU
		{01DF5405-991E-45E0-9E03-EDCAF716133A}.Release|Any CPU.Build.0 = Release|Any CPU
	EndGlobalSection
	GlobalSection(SolutionProperties) = preSolution
		HideSolutionNode = FALSE
	EndGlobalSection
	GlobalSection(ExtensibilityGlobals) = postSolution
		SolutionGuid = {A9BCCBFD-4028-4FC7-A9D6-847284279B60}
	EndGlobalSection
EndGlobal
